
Microsoft Visual Studio Solution File, Format Version 12.00
# Visual Studio Version 16
VisualStudioVersion = 16.0.30503.244
MinimumVisualStudioVersion = 10.0.40219.1
Project("{FAE04EC0-301F-11D3-BF4B-00C04F79EFBC}") = "doanv1", "doanv1.csproj", "{0991EEE8-8B93-4F17-A215-E4A8C2DEAEAE}"
EndProject
Global
	GlobalSection(SolutionConfigurationPlatforms) = preSolution
		Debug|Any CPU = Debug|Any CPU
		Release|Any CPU = Release|Any CPU
	EndGlobalSection
	GlobalSection(ProjectConfigurationPlatforms) = postSolution
		{0991EEE8-8B93-4F17-A215-E4A8C2DEAEAE}.Debug|Any CPU.ActiveCfg = Debug|Any CPU
		{0991EEE8-8B93-4F17-A215-E4A8C2DEAEAE}.Debug|Any CPU.Build.0 = Debug|Any CPU
		{0991EEE8-8B93-4F17-A215-E4A8C2DEAEAE}.Release|Any CPU.ActiveCfg = Release|Any CPU
		{0991EEE8-8B93-4F17-A215-E4A8C2DEAEAE}.Release|Any CPU.Build.0 = Release|Any CPU
	EndGlobalSection
	GlobalSection(SolutionProperties) = preSolution
		HideSolutionNode = FALSE
	EndGlobalSection
	GlobalSection(ExtensibilityGlobals) = postSolution
		SolutionGuid = {AC846EA9-8724-4B6A-AF47-12C1F95EC238}
	EndGlobalSection
EndGlobal
